github.com/go-ole/go-ole v1.2.1 h1:2lOsA72HgjxAuMlKpFiCbHTvu44PIVkZ5hqm3RSdI/E=
github.com/go-ole/go-ole v1.2.1/go.mod h1:7FAglXiTm7HKlQRDeOQ6ZNUHidzCWXuZWq/1dTyBNF8=
github.com/kardianos/service v0.0.0-20180910224244-b1866cf76903 h1:MyBGC6NYs/aqjsDIzIp7P2DH9XIR00MR/sUlsf3q5kg=
github.com/kardianos/service v0.0.0-20180910224244-b1866cf76903/go.mod h1:10UU/bEkzh2iEN6aYzbevY7J6p03KO5siTxQWXMEerg=
github.com/mattn/go-adodb v0.0.0-20181006063745-71e75ebd1d86 h1:WveB3+Rl7r/hJ3U3zHxoeage7OZyerfkT/0E25yNmLc=
github.com/mattn/go-adodb v0.0.0-20181006063745-71e75ebd1d86/go.mod h1:jaSTRde4bohMuQgYQPxW3xRTPtX/cZKyxPrFVseJULo=
golang.org/x/net v0.0.0-20181023162649-9b4f9f5ad519 h1:x6rhz8Y9CjbgQkccRGmELH6K+LJj7tOoh3XWeC1yaQM=
golang.org/x/net v0.0.0-20181023162649-9b4f9f5ad519/go.mod h1:mL1N/T3taQHkDXs73rZJwtUhF3w3ftmwwsq0BUmARs4=
golang.org/x/sys v0.0.0-20181026203630-95b1ffbd15a5 h1:x6r4Jo0KNzOOzYd8lbcRsqjuqEASK6ob3auvWYM4/8U=
golang.org/x/sys v0.0.0-20181026203630-95b1ffbd15a5/go.mod h1:STP8DvDyc/dI5b8T5hshtkjS+E42TnysNCUPdjciGhY=
gopkg.in/natefinch/lumberjack.v2 v2.0.0 h1:1Lc07Kr7qY4U2YPouBjpCLxpiyxIVoxqXgkXLknAOE8=
gopkg.in/natefinch/lumberjack.v2 v2.0.0/go.mod h1:l0ndWWf7gzL7RNwBG7wST/UCcT4T24xpD6X8LsfU/+k=
